
Microsoft Visual Studio Solution File, Format Version 12.00
# Visual Studio Version 17
VisualStudioVersion = 17.2.32616.157
MinimumVisualStudioVersion = 10.0.40219.1
Project("{8BC9CEB8-8B4A-11D0-8D11-00A0C91BC942}") = "12.10.2022 Наследование, полиморфизм", "12.10.2022 Наследование, полиморфизм.vcxproj", "{FE2D52F1-7E7A-4A21-A9CE-86C71BC881A8}"
EndProject
Global
	GlobalSection(SolutionConfigurationPlatforms) = preSolution
		Debug|x64 = Debug|x64
		Debug|x86 = Debug|x86
		Release|x64 = Release|x64
		Release|x86 = Release|x86
	EndGlobalSection
	GlobalSection(ProjectConfigurationPlatforms) = postSolution
		{FE2D52F1-7E7A-4A21-A9CE-86C71BC881A8}.Debug|x64.ActiveCfg = Debug|x64
		{FE2D52F1-7E7A-4A21-A9CE-86C71BC881A8}.Debug|x64.Build.0 = Debug|x64
		{FE2D52F1-7E7A-4A21-A9CE-86C71BC881A8}.Debug|x86.ActiveCfg = Debug|Win32
		{FE2D52F1-7E7A-4A21-A9CE-86C71BC881A8}.Debug|x86.Build.0 = Debug|Win32
		{FE2D52F1-7E7A-4A21-A9CE-86C71BC881A8}.Release|x64.ActiveCfg = Release|x64
		{FE2D52F1-7E7A-4A21-A9CE-86C71BC881A8}.Release|x64.Build.0 = Release|x64
		{FE2D52F1-7E7A-4A21-A9CE-86C71BC881A8}.Release|x86.ActiveCfg = Release|Win32
		{FE2D52F1-7E7A-4A21-A9CE-86C71BC881A8}.Release|x86.Build.0 = Release|Win32
	EndGlobalSection
	GlobalSection(SolutionProperties) = preSolution
		HideSolutionNode = FALSE
	EndGlobalSection
	GlobalSection(ExtensibilityGlobals) = postSolution
		SolutionGuid = {96376B18-3A83-4A04-B0FE-E9639EC0E290}
	EndGlobalSection
EndGlobal
